// !$*UTF8*$!
{
	archiveVersion = 1;
	classes = {
	};
	objectVersion = 46;
	objects = {

/* Begin PBXBuildFile section */
		863942081D4CFA150083CD2A /* AppDelegate.swift in Sources */ = {isa = PBXBuildFile; fileRef = 863942071D4CFA150083CD2A /* AppDelegate.swift */; };
		8639420A1D4CFA150083CD2A /* ViewController.swift in Sources */ = {isa = PBXBuildFile; fileRef = 863942091D4CFA150083CD2A /* ViewController.swift */; };
		8639420D1D4CFA150083CD2A /* Main.storyboard in Resources */ = {isa = PBXBuildFile; fileRef = 8639420B1D4CFA150083CD2A /* Main.storyboard */; };
		8639420F1D4CFA150083CD2A /* Assets.xcassets in Resources */ = {isa = PBXBuildFile; fileRef = 8639420E1D4CFA150083CD2A /* Assets.xcassets */; };
		863942121D4CFA150083CD2A /* LaunchScreen.storyboard in Resources */ = {isa = PBXBuildFile; fileRef = 863942101D4CFA150083CD2A /* LaunchScreen.storyboard */; };
		8639421A1D4CFA480083CD2A /* Line.swift in Sources */ = {isa = PBXBuildFile; fileRef = 863942191D4CFA480083CD2A /* Line.swift */; };
		8639421C1D4CFB2B0083CD2A /* DrawView.swift in Sources */ = {isa = PBXBuildFile; fileRef = 8639421B1D4CFB2B0083CD2A /* DrawView.swift */; };
/* End PBXBuildFile section */

/* Begin PBXFileReference section */
		863942041D4CFA150083CD2A /* TouchTracker.app */ = {isa = PBXFileReference; explicitFileType = wrapper.application; includeInIndex = 0; path = TouchTracker.app; sourceTree = BUILT_PRODUCTS_DIR; };
		863942071D4CFA150083CD2A /* AppDelegate.swift */ = {isa = PBXFileReference; lastKnownFileType = sourcecode.swift; path = AppDelegate.swift; sourceTree = "<group>"; };
		863942091D4CFA150083CD2A /* ViewController.swift */ = {isa = PBXFileReference; lastKnownFileType = sourcecode.swift; path = ViewController.swift; sourceTree = "<group>"; };
		8639420C1D4CFA150083CD2A /* Base */ = {isa = PBXFileReference; lastKnownFileType = file.storyboard; name = Base; path = Base.lproj/Main.storyboard; sourceTree = "<group>"; };
		8639420E1D4CFA150083CD2A /* Assets.xcassets */ = {isa = PBXFileReference; lastKnownFileType = folder.assetcatalog; path = Assets.xcassets; sourceTree = "<group>"; };
		863942111D4CFA150083CD2A /* Base */ = {isa = PBXFileReference; lastKnownFileType = file.storyboard; name = Base; path = Base.lproj/LaunchScreen.storyboard; sourceTree = "<group>"; };
		863942131D4CFA150083CD2A /* Info.plist */ = {isa = PBXFileReference; lastKnownFileType = text.plist.xml; path = Info.plist; sourceTree = "<group>"; };
		863942191D4CFA480083CD2A /* Line.swift */ = {isa = PBXFileReference; fileEncoding = 4; lastKnownFileType = sourcecode.swift; path = Line.swift; sourceTree = "<group>"; };
		8639421B1D4CFB2B0083CD2A /* DrawView.swift */ = {isa = PBXFileReference; fileEncoding = 4; lastKnownFileType = sourcecode.swift; path = DrawView.swift; sourceTree = "<group>"; };
/* End PBXFileReference section */

/* Begin PBXFrameworksBuildPhase section */
		863942011D4CFA150083CD2A /* Frameworks */ = {
			isa = PBXFrameworksBuildPhase;
			buildActionMask = 2147483647;
			files = (
			);
			runOnlyForDeploymentPostprocessing = 0;
		};
/* End PBXFrameworksBuildPhase section */

/* Begin PBXGroup section */
		863941FB1D4CFA150083CD2A = {
			isa = PBXGroup;
			children = (
				863942061D4CFA150083CD2A /* TouchTracker */,
				863942051D4CFA150083CD2A /* Products */,
			);
			sourceTree = "<group>";
		};
		863942051D4CFA150083CD2A /* Products */ = {
			isa = PBXGroup;
			children = (
				863942041D4CFA150083CD2A /* TouchTracker.app */,
			);
			name = Products;
			sourceTree = "<group>";
		};
		863942061D4CFA150083CD2A /* TouchTracker */ = {
			isa = PBXGroup;
			children = (
				863942191D4CFA480083CD2A /* Line.swift */,
				8639421B1D4CFB2B0083CD2A /* DrawView.swift */,
				863942071D4CFA150083CD2A /* AppDelegate.swift */,
				863942091D4CFA150083CD2A /* ViewController.swift */,
				8639420B1D4CFA150083CD2A /* Main.storyboard */,
				8639420E1D4CFA150083CD2A /* Assets.xcassets */,
				863942101D4CFA150083CD2A /* LaunchScreen.storyboard */,
				863942131D4CFA150083CD2A /* Info.plist */,
			);
			path = TouchTracker;
			sourceTree = "<group>";
		};
/* End PBXGroup section */

/* Begin PBXNativeTarget section */
		863942031D4CFA150083CD2A /* TouchTracker */ = {
			isa = PBXNativeTarget;
			buildConfigurationList = 863942161D4CFA150083CD2A /* Build configuration list for PBXNativeTarget "TouchTracker" */;
			buildPhases = (
				863942001D4CFA150083CD2A /* Sources */,
				863942011D4CFA150083CD2A /* Frameworks */,
				863942021D4CFA150083CD2A /* Resources */,
			);
			buildRules = (
			);
			dependencies = (
			);
			name = TouchTracker;
			productName = TouchTracker;
			productReference = 863942041D4CFA150083CD2A /* TouchTracker.app */;
			productType = "com.apple.product-type.application";
		};
/* End PBXNativeTarget section */

/* Begin PBXProject section */
		863941FC1D4CFA150083CD2A /* Project object */ = {
			isa = PBXProject;
			attributes = {
				LastSwiftUpdateCheck = 0730;
				LastUpgradeCheck = 0730;
				ORGANIZATIONNAME = "Ash Ryan Beats";
				TargetAttributes = {
					863942031D4CFA150083CD2A = {
						CreatedOnToolsVersion = 7.3.1;
						DevelopmentTeam = L257RLZ287;
					};
				};
			};
			buildConfigurationList = 863941FF1D4CFA150083CD2A /* Build configuration list for PBXProject "TouchTracker" */;
			compatibilityVersion = "Xcode 3.2";
			developmentRegion = English;
			hasScannedForEncodings = 0;
			knownRegions = (
				en,
				Base,
			);
			mainGroup = 863941FB1D4CFA150083CD2A;
			productRefGroup = 863942051D4CFA150083CD2A /* Products */;
			projectDirPath = "";
			projectRoot = "";
			targets = (
				863942031D4CFA150083CD2A /* TouchTracker */,
			);
		};
/* End PBXProject section */

/* Begin PBXResourcesBuildPhase section */
		863942021D4CFA150083CD2A /* Resources */ = {
			isa = PBXResourcesBuildPhase;
			buildActionMask = 2147483647;
			files = (
				863942121D4CFA150083CD2A /* LaunchScreen.storyboard in Resources */,
				8639420F1D4CFA150083CD2A /* Assets.xcassets in Resources */,
				8639420D1D4CFA150083CD2A /* Main.storyboard in Resources */,
			);
			runOnlyForDeploymentPostprocessing = 0;
		};
/* End PBXResourcesBuildPhase section */

/* Begin PBXSourcesBuildPhase section */
		863942001D4CFA150083CD2A /* Sources */ = {
			isa = PBXSourcesBuildPhase;
			buildActionMask = 2147483647;
			files = (
				8639421A1D4CFA480083CD2A /* Line.swift in Sources */,
				8639420A1D4CFA150083CD2A /* ViewController.swift in Sources */,
				8639421C1D4CFB2B0083CD2A /* DrawView.swift in Sources */,
				863942081D4CFA150083CD2A /* AppDelegate.swift in Sources */,
			);
			runOnlyForDeploymentPostprocessing = 0;
		};
/* End PBXSourcesBuildPhase section */

/* Begin PBXVariantGroup section */
		8639420B1D4CFA150083CD2A /* Main.storyboard */ = {
			isa = PBXVariantGroup;
			children = (
				8639420C1D4CFA150083CD2A /* Base */,
			);
			name = Main.storyboard;
			sourceTree = "<group>";
		};
		863942101D4CFA150083CD2A /* LaunchScreen.storyboard */ = {
			isa = PBXVariantGroup;
			children = (
				863942111D4CFA150083CD2A /* Base */,
			);
			name = LaunchScreen.storyboard;
			sourceTree = "<group>";
		};
/* End PBXVariantGroup section */

/* Begin XCBuildConfiguration section */
		863942141D4CFA150083CD2A /* Debug */ = {
			isa = XCBuildConfiguration;
			buildSettings = {
				ALWAYS_SEARCH_USER_PATHS = NO;
				CLANG_ANALYZER_NONNULL = YES;
				CLANG_CXX_LANGUAGE_STANDARD = "gnu++0x";
				CLANG_CXX_LIBRARY = "libc++";
				CLANG_ENABLE_MODULES = YES;
				CLANG_ENABLE_OBJC_ARC = YES;
				CLANG_WARN_BOOL_CONVERSION = YES;
				CLANG_WARN_CONSTANT_CONVERSION = YES;
				CLANG_WARN_DIRECT_OBJC_ISA_USAGE = YES_ERROR;
				CLANG_WARN_EMPTY_BODY = YES;
				CLANG_WARN_ENUM_CONVERSION = YES;
				CLANG_WARN_INT_CONVERSION = YES;
				CLANG_WARN_OBJC_ROOT_CLASS = YES_ERROR;
				CLANG_WARN_UNREACHABLE_CODE = YES;
				CLANG_WARN__DUPLICATE_METHOD_MATCH = YES;
				"CODE_SIGN_IDENTITY[sdk=iphoneos*]" = "iPhone Developer";
				COPY_PHASE_STRIP = NO;
				DEBUG_INFORMATION_FORMAT = dwarf;
				ENABLE_STRICT_OBJC_MSGSEND = YES;
				ENABLE_TESTABILITY = YES;
				GCC_C_LANGUAGE_STANDARD = gnu99;
				GCC_DYNAMIC_NO_PIC = NO;
				GCC_NO_COMMON_BLOCKS = YES;
				GCC_OPTIMIZATION_LEVEL = 0;
				GCC_PREPROCESSOR_DEFINITIONS = (
					"DEBUG=1",
					"$(inherited)",
				);
				GCC_WARN_64_TO_32_BIT_CONVERSION = YES;
				GCC_WARN_ABOUT_RETURN_TYPE = YES_ERROR;
				GCC_WARN_UNDECLARED_SELECTOR = YES;
				GCC_WARN_UNINITIALIZED_AUTOS = YES_AGGRESSIVE;
				GCC_WARN_UNUSED_FUNCTION = YES;
				GCC_WARN_UNUSED_VARIABLE = YES;
				IPHONEOS_DEPLOYMENT_TARGET = 9.3;
				MTL_ENABLE_DEBUG_INFO = YES;
				ONLY_ACTIVE_ARCH = YES;
				SDKROOT = iphoneos;
				SWIFT_OPTIMIZATION_LEVEL = "-Onone";
				TARGETED_DEVICE_FAMILY = "1,2";
			};
			name = Debug;
		};
		863942151D4CFA150083CD2A /* Release */ = {
			isa = XCBuildConfiguration;
			buildSettings = {
				ALWAYS_SEARCH_USER_PATHS = NO;
				CLANG_ANALYZER_NONNULL = YES;
				CLANG_CXX_LANGUAGE_STANDARD = "gnu++0x";
				CLANG_CXX_LIBRARY = "libc++";
				CLANG_ENABLE_MODULES = YES;
				CLANG_ENABLE_OBJC_ARC = YES;
				CLANG_WARN_BOOL_CONVERSION = YES;
				CLANG_WARN_CONSTANT_CONVERSION = YES;
				CLANG_WARN_DIRECT_OBJC_ISA_USAGE = YES_ERROR;
				CLANG_WARN_EMPTY_BODY = YES;
				CLANG_WARN_ENUM_CONVERSION = YES;
				CLANG_WARN_INT_CONVERSION = YES;
				CLANG_WARN_OBJC_ROOT_CLASS = YES_ERROR;
				CLANG_WARN_UNREACHABLE_CODE = YES;
				CLANG_WARN__DUPLICATE_METHOD_MATCH = YES;
				"CODE_SIGN_IDENTITY[sdk=iphoneos*]" = "iPhone Developer";
				COPY_PHASE_STRIP = NO;
				DEBUG_INFORMATION_FORMAT = "dwarf-with-dsym";
				ENABLE_NS_ASSERTIONS = NO;
				ENABLE_STRICT_OBJC_MSGSEND = YES;
				GCC_C_LANGUAGE_STANDARD = gnu99;
				GCC_NO_COMMON_BLOCKS = YES;
				GCC_WARN_64_TO_32_BIT_CONVERSION = YES;
				GCC_WARN_ABOUT_RETURN_TYPE = YES_ERROR;
				GCC_WARN_UNDECLARED_SELECTOR = YES;
				GCC_WARN_UNINITIALIZED_AUTOS = YES_AGGRESSIVE;
				GCC_WARN_UNUSED_FUNCTION = YES;
				GCC_WARN_UNUSED_VARIABLE = YES;
				IPHONEOS_DEPLOYMENT_TARGET = 9.3;
				MTL_ENABLE_DEBUG_INFO = NO;
				SDKROOT = iphoneos;
				TARGETED_DEVICE_FAMILY = "1,2";
				VALIDATE_PRODUCT = YES;
			};
			name = Release;
		};
		863942171D4CFA150083CD2A /* Debug */ = {
			isa = XCBuildConfiguration;
			buildSettings = {
				ASSETCATALOG_COMPILER_APPICON_NAME = AppIcon;
				CODE_SIGN_IDENTITY = "iPhone Developer";
				INFOPLIST_FILE = TouchTracker/Info.plist;
				LD_RUNPATH_SEARCH_PATHS = "$(inherited) @executable_path/Frameworks";
				PRODUCT_BUNDLE_IDENTIFIER = com.ashryanbeats.TouchTracker;
				PRODUCT_NAME = "$(TARGET_NAME)";
			};
			name = Debug;
		};
		863942181D4CFA150083CD2A /* Release */ = {
			isa = XCBuildConfiguration;
			buildSettings = {
				ASSETCATALOG_COMPILER_APPICON_NAME = AppIcon;
				CODE_SIGN_IDENTITY = "iPhone Developer";
				INFOPLIST_FILE = TouchTracker/Info.plist;
				LD_RUNPATH_SEARCH_PATHS = "$(inherited) @executable_path/Frameworks";
				PRODUCT_BUNDLE_IDENTIFIER = com.ashryanbeats.TouchTracker;
				PRODUCT_NAME = "$(TARGET_NAME)";
			};
			name = Release;
		};
/* End XCBuildConfiguration section */

/* Begin XCConfigurationList section */
		863941FF1D4CFA150083CD2A /* Build configuration list for PBXProject "TouchTracker" */ = {
			isa = XCConfigurationList;
			buildConfigurations = (
				863942141D4CFA150083CD2A /* Debug */,
				863942151D4CFA150083CD2A /* Release */,
			);
			defaultConfigurationIsVisible = 0;
			defaultConfigurationName = Release;
		};
		863942161D4CFA150083CD2A /* Build configuration list for PBXNativeTarget "TouchTracker" */ = {
			isa = XCConfigurationList;
			buildConfigurations = (
				863942171D4CFA150083CD2A /* Debug */,
				863942181D4CFA150083CD2A /* Release */,
			);
			defaultConfigurationIsVisible = 0;
		};
/* End XCConfigurationList section */
	};
	rootObject = 863941FC1D4CFA150083CD2A /* Project object */;
}
